// !$*UTF8*$!
{
	archiveVersion = 1;
	classes = {
	};
	objectVersion = 46;
	objects = {

/* Begin PBXBuildFile section */
		AE90BD7E1D6F08B9005AF3BF /* as.cpp in Sources */ = {isa = PBXBuildFile; fileRef = AE90BD7D1D6F08B9005AF3BF /* as.cpp */; };
		AE90BD831D6F08CA005AF3BF /* DirectiveFunctionsForFirstPass.cpp in Sources */ = {isa = PBXBuildFile; fileRef = AE90BD811D6F08CA005AF3BF /* DirectiveFunctionsForFirstPass.cpp */; };
		AE90BD841D6F08CA005AF3BF /* DirectiveFunctionsForSecondPass.cpp in Sources */ = {isa = PBXBuildFile; fileRef = AE90BD821D6F08CA005AF3BF /* DirectiveFunctionsForSecondPass.cpp */; };
		AE90BD871D6F08D8005AF3BF /* Log.cpp in Sources */ = {isa = PBXBuildFile; fileRef = AE90BD851D6F08D8005AF3BF /* Log.cpp */; };
		AE90BD8B1D6F08E1005AF3BF /* OperationFunctionsForFirstPass.cpp in Sources */ = {isa = PBXBuildFile; fileRef = AE90BD891D6F08E1005AF3BF /* OperationFunctionsForFirstPass.cpp */; };
		AE90BD8C1D6F08E1005AF3BF /* OperationFunctionsForSecondPass.cpp in Sources */ = {isa = PBXBuildFile; fileRef = AE90BD8A1D6F08E1005AF3BF /* OperationFunctionsForSecondPass.cpp */; };
		AE90BD8F1D6F08EA005AF3BF /* splitString.cpp in Sources */ = {isa = PBXBuildFile; fileRef = AE90BD8E1D6F08EA005AF3BF /* splitString.cpp */; };
		AE90BD921D6F08F0005AF3BF /* Simbol.cpp in Sources */ = {isa = PBXBuildFile; fileRef = AE90BD901D6F08F0005AF3BF /* Simbol.cpp */; };
		AE90BD991D6F09DF005AF3BF /* Operation.cpp in Sources */ = {isa = PBXBuildFile; fileRef = AE90BD971D6F09DF005AF3BF /* Operation.cpp */; };
		AE90BD9B1D6F2358005AF3BF /* Opcode.cpp in Sources */ = {isa = PBXBuildFile; fileRef = AE90BD9A1D6F2358005AF3BF /* Opcode.cpp */; };
		AE90BD9E1D6F236C005AF3BF /* Operands.cpp in Sources */ = {isa = PBXBuildFile; fileRef = AE90BD9C1D6F236C005AF3BF /* Operands.cpp */; };
/* End PBXBuildFile section */

/* Begin PBXCopyFilesBuildPhase section */
		AE90BD711D6F07DB005AF3BF /* CopyFiles */ = {
			isa = PBXCopyFilesBuildPhase;
			buildActionMask = 2147483647;
			dstPath = /usr/share/man/man1/;
			dstSubfolderSpec = 0;
			files = (
			);
			runOnlyForDeploymentPostprocessing = 1;
		};
/* End PBXCopyFilesBuildPhase section */

/* Begin PBXFileReference section */
		AE90BD731D6F07DB005AF3BF /* sp */ = {isa = PBXFileReference; explicitFileType = "compiled.mach-o.executable"; includeInIndex = 0; path = sp; sourceTree = BUILT_PRODUCTS_DIR; };
		AE90BD7D1D6F08B9005AF3BF /* as.cpp */ = {isa = PBXFileReference; fileEncoding = 4; lastKnownFileType = sourcecode.cpp.cpp; path = as.cpp; sourceTree = "<group>"; };
		AE90BD7F1D6F08BE005AF3BF /* as.h */ = {isa = PBXFileReference; lastKnownFileType = sourcecode.c.h; path = as.h; sourceTree = "<group>"; };
		AE90BD801D6F08CA005AF3BF /* DirectiveFunctions.h */ = {isa = PBXFileReference; fileEncoding = 4; lastKnownFileType = sourcecode.c.h; path = DirectiveFunctions.h; sourceTree = "<group>"; };
		AE90BD811D6F08CA005AF3BF /* DirectiveFunctionsForFirstPass.cpp */ = {isa = PBXFileReference; fileEncoding = 4; lastKnownFileType = sourcecode.cpp.cpp; path = DirectiveFunctionsForFirstPass.cpp; sourceTree = "<group>"; };
		AE90BD821D6F08CA005AF3BF /* DirectiveFunctionsForSecondPass.cpp */ = {isa = PBXFileReference; fileEncoding = 4; lastKnownFileType = sourcecode.cpp.cpp; path = DirectiveFunctionsForSecondPass.cpp; sourceTree = "<group>"; };
		AE90BD851D6F08D8005AF3BF /* Log.cpp */ = {isa = PBXFileReference; fileEncoding = 4; lastKnownFileType = sourcecode.cpp.cpp; path = Log.cpp; sourceTree = "<group>"; };
		AE90BD861D6F08D8005AF3BF /* Log.h */ = {isa = PBXFileReference; fileEncoding = 4; lastKnownFileType = sourcecode.c.h; path = Log.h; sourceTree = "<group>"; };
		AE90BD881D6F08E1005AF3BF /* OperationFunctions.h */ = {isa = PBXFileReference; fileEncoding = 4; lastKnownFileType = sourcecode.c.h; path = OperationFunctions.h; sourceTree = "<group>"; };
		AE90BD891D6F08E1005AF3BF /* OperationFunctionsForFirstPass.cpp */ = {isa = PBXFileReference; fileEncoding = 4; lastKnownFileType = sourcecode.cpp.cpp; path = OperationFunctionsForFirstPass.cpp; sourceTree = "<group>"; };
		AE90BD8A1D6F08E1005AF3BF /* OperationFunctionsForSecondPass.cpp */ = {isa = PBXFileReference; fileEncoding = 4; lastKnownFileType = sourcecode.cpp.cpp; path = OperationFunctionsForSecondPass.cpp; sourceTree = "<group>"; };
		AE90BD8D1D6F08EA005AF3BF /* ProcessString.h */ = {isa = PBXFileReference; fileEncoding = 4; lastKnownFileType = sourcecode.c.h; path = ProcessString.h; sourceTree = "<group>"; };
		AE90BD8E1D6F08EA005AF3BF /* splitString.cpp */ = {isa = PBXFileReference; fileEncoding = 4; lastKnownFileType = sourcecode.cpp.cpp; path = splitString.cpp; sourceTree = "<group>"; };
		AE90BD901D6F08F0005AF3BF /* Simbol.cpp */ = {isa = PBXFileReference; fileEncoding = 4; lastKnownFileType = sourcecode.cpp.cpp; path = Simbol.cpp; sourceTree = "<group>"; };
		AE90BD911D6F08F0005AF3BF /* Simbol.h */ = {isa = PBXFileReference; fileEncoding = 4; lastKnownFileType = sourcecode.c.h; path = Simbol.h; sourceTree = "<group>"; };
		AE90BD931D6F08F5005AF3BF /* Utility.h */ = {isa = PBXFileReference; lastKnownFileType = sourcecode.c.h; path = Utility.h; sourceTree = "<group>"; };
		AE90BD951D6F0923005AF3BF /* CreateMap.hpp */ = {isa = PBXFileReference; fileEncoding = 4; lastKnownFileType = sourcecode.cpp.h; path = CreateMap.hpp; sourceTree = "<group>"; };
		AE90BD971D6F09DF005AF3BF /* Operation.cpp */ = {isa = PBXFileReference; fileEncoding = 4; lastKnownFileType = sourcecode.cpp.cpp; path = Operation.cpp; sourceTree = "<group>"; };
		AE90BD981D6F09DF005AF3BF /* Operation.hpp */ = {isa = PBXFileReference; fileEncoding = 4; lastKnownFileType = sourcecode.cpp.h; path = Operation.hpp; sourceTree = "<group>"; };
		AE90BD9A1D6F2358005AF3BF /* Opcode.cpp */ = {isa = PBXFileReference; fileEncoding = 4; lastKnownFileType = sourcecode.cpp.cpp; path = Opcode.cpp; sourceTree = "<group>"; };
		AE90BD9C1D6F236C005AF3BF /* Operands.cpp */ = {isa = PBXFileReference; fileEncoding = 4; lastKnownFileType = sourcecode.cpp.cpp; path = Operands.cpp; sourceTree = "<group>"; };
		AE90BD9F1D6FBBC0005AF3BF /* test.s */ = {isa = PBXFileReference; fileEncoding = 4; lastKnownFileType = sourcecode.asm; path = test.s; sourceTree = "<group>"; };
/* End PBXFileReference section */

/* Begin PBXFrameworksBuildPhase section */
		AE90BD701D6F07DB005AF3BF /* Frameworks */ = {
			isa = PBXFrameworksBuildPhase;
			buildActionMask = 2147483647;
			files = (
			);
			runOnlyForDeploymentPostprocessing = 0;
		};
/* End PBXFrameworksBuildPhase section */

/* Begin PBXGroup section */
		AE90BD6A1D6F07DB005AF3BF = {
			isa = PBXGroup;
			children = (
				AE90BD751D6F07DB005AF3BF /* sp */,
				AE90BD741D6F07DB005AF3BF /* Products */,
			);
			sourceTree = "<group>";
		};
		AE90BD741D6F07DB005AF3BF /* Products */ = {
			isa = PBXGroup;
			children = (
				AE90BD731D6F07DB005AF3BF /* sp */,
			);
			name = Products;
			sourceTree = "<group>";
		};
		AE90BD751D6F07DB005AF3BF /* sp */ = {
			isa = PBXGroup;
			children = (
				AE90BD7D1D6F08B9005AF3BF /* as.cpp */,
				AE90BD7F1D6F08BE005AF3BF /* as.h */,
				AE90BD801D6F08CA005AF3BF /* DirectiveFunctions.h */,
				AE90BD811D6F08CA005AF3BF /* DirectiveFunctionsForFirstPass.cpp */,
				AE90BD821D6F08CA005AF3BF /* DirectiveFunctionsForSecondPass.cpp */,
				AE90BD851D6F08D8005AF3BF /* Log.cpp */,
				AE90BD861D6F08D8005AF3BF /* Log.h */,
				AE90BD881D6F08E1005AF3BF /* OperationFunctions.h */,
				AE90BD891D6F08E1005AF3BF /* OperationFunctionsForFirstPass.cpp */,
				AE90BD8A1D6F08E1005AF3BF /* OperationFunctionsForSecondPass.cpp */,
				AE90BD8D1D6F08EA005AF3BF /* ProcessString.h */,
				AE90BD8E1D6F08EA005AF3BF /* splitString.cpp */,
				AE90BD901D6F08F0005AF3BF /* Simbol.cpp */,
				AE90BD911D6F08F0005AF3BF /* Simbol.h */,
				AE90BD931D6F08F5005AF3BF /* Utility.h */,
				AE90BD951D6F0923005AF3BF /* CreateMap.hpp */,
				AE90BD981D6F09DF005AF3BF /* Operation.hpp */,
				AE90BD971D6F09DF005AF3BF /* Operation.cpp */,
				AE90BD9A1D6F2358005AF3BF /* Opcode.cpp */,
				AE90BD9C1D6F236C005AF3BF /* Operands.cpp */,
				AE90BD9F1D6FBBC0005AF3BF /* test.s */,
			);
			path = sp;
			sourceTree = "<group>";
		};
/* End PBXGroup section */

/* Begin PBXNativeTarget section */
		AE90BD721D6F07DB005AF3BF /* sp */ = {
			isa = PBXNativeTarget;
			buildConfigurationList = AE90BD7A1D6F07DB005AF3BF /* Build configuration list for PBXNativeTarget "sp" */;
			buildPhases = (
				AE90BD6F1D6F07DB005AF3BF /* Sources */,
				AE90BD701D6F07DB005AF3BF /* Frameworks */,
				AE90BD711D6F07DB005AF3BF /* CopyFiles */,
			);
			buildRules = (
			);
			dependencies = (
			);
			name = sp;
			productName = sp;
			productReference = AE90BD731D6F07DB005AF3BF /* sp */;
			productType = "com.apple.product-type.tool";
		};
/* End PBXNativeTarget section */

/* Begin PBXProject section */
		AE90BD6B1D6F07DB005AF3BF /* Project object */ = {
			isa = PBXProject;
			attributes = {
				LastUpgradeCheck = 0730;
				ORGANIZATIONNAME = ptrifunovic;
				TargetAttributes = {
					AE90BD721D6F07DB005AF3BF = {
						CreatedOnToolsVersion = 7.3.1;
					};
				};
			};
			buildConfigurationList = AE90BD6E1D6F07DB005AF3BF /* Build configuration list for PBXProject "sp" */;
			compatibilityVersion = "Xcode 3.2";
			developmentRegion = English;
			hasScannedForEncodings = 0;
			knownRegions = (
				en,
			);
			mainGroup = AE90BD6A1D6F07DB005AF3BF;
			productRefGroup = AE90BD741D6F07DB005AF3BF /* Products */;
			projectDirPath = "";
			projectRoot = "";
			targets = (
				AE90BD721D6F07DB005AF3BF /* sp */,
			);
		};
/* End PBXProject section */

/* Begin PBXSourcesBuildPhase section */
		AE90BD6F1D6F07DB005AF3BF /* Sources */ = {
			isa = PBXSourcesBuildPhase;
			buildActionMask = 2147483647;
			files = (
				AE90BD831D6F08CA005AF3BF /* DirectiveFunctionsForFirstPass.cpp in Sources */,
				AE90BD8B1D6F08E1005AF3BF /* OperationFunctionsForFirstPass.cpp in Sources */,
				AE90BD871D6F08D8005AF3BF /* Log.cpp in Sources */,
				AE90BD921D6F08F0005AF3BF /* Simbol.cpp in Sources */,
				AE90BD8F1D6F08EA005AF3BF /* splitString.cpp in Sources */,
				AE90BD841D6F08CA005AF3BF /* DirectiveFunctionsForSecondPass.cpp in Sources */,
				AE90BD991D6F09DF005AF3BF /* Operation.cpp in Sources */,
				AE90BD7E1D6F08B9005AF3BF /* as.cpp in Sources */,
				AE90BD9E1D6F236C005AF3BF /* Operands.cpp in Sources */,
				AE90BD8C1D6F08E1005AF3BF /* OperationFunctionsForSecondPass.cpp in Sources */,
				AE90BD9B1D6F2358005AF3BF /* Opcode.cpp in Sources */,
			);
			runOnlyForDeploymentPostprocessing = 0;
		};
/* End PBXSourcesBuildPhase section */

/* Begin XCBuildConfiguration section */
		AE90BD781D6F07DB005AF3BF /* Debug */ = {
			isa = XCBuildConfiguration;
			buildSettings = {
				ALWAYS_SEARCH_USER_PATHS = NO;
				CLANG_ANALYZER_NONNULL = YES;
				CLANG_CXX_LANGUAGE_STANDARD = "gnu++0x";
				CLANG_CXX_LIBRARY = "libc++";
				CLANG_ENABLE_MODULES = YES;
				CLANG_ENABLE_OBJC_ARC = YES;
				CLANG_WARN_BOOL_CONVERSION = YES;
				CLANG_WARN_CONSTANT_CONVERSION = YES;
				CLANG_WARN_DIRECT_OBJC_ISA_USAGE = YES_ERROR;
				CLANG_WARN_EMPTY_BODY = YES;
				CLANG_WARN_ENUM_CONVERSION = YES;
				CLANG_WARN_INT_CONVERSION = YES;
				CLANG_WARN_OBJC_ROOT_CLASS = YES_ERROR;
				CLANG_WARN_UNREACHABLE_CODE = YES;
				CLANG_WARN__DUPLICATE_METHOD_MATCH = YES;
				CODE_SIGN_IDENTITY = "-";
				COPY_PHASE_STRIP = NO;
				DEBUG_INFORMATION_FORMAT = dwarf;
				ENABLE_STRICT_OBJC_MSGSEND = YES;
				ENABLE_TESTABILITY = YES;
				GCC_C_LANGUAGE_STANDARD = gnu99;
				GCC_DYNAMIC_NO_PIC = NO;
				GCC_NO_COMMON_BLOCKS = YES;
				GCC_OPTIMIZATION_LEVEL = 0;
				GCC_PREPROCESSOR_DEFINITIONS = (
					"DEBUG=1",
					"$(inherited)",
				);
				GCC_WARN_64_TO_32_BIT_CONVERSION = YES;
				GCC_WARN_ABOUT_RETURN_TYPE = YES_ERROR;
				GCC_WARN_UNDECLARED_SELECTOR = YES;
				GCC_WARN_UNINITIALIZED_AUTOS = YES_AGGRESSIVE;
				GCC_WARN_UNUSED_FUNCTION = YES;
				GCC_WARN_UNUSED_VARIABLE = YES;
				MACOSX_DEPLOYMENT_TARGET = 10.11;
				MTL_ENABLE_DEBUG_INFO = YES;
				ONLY_ACTIVE_ARCH = YES;
				SDKROOT = macosx;
			};
			name = Debug;
		};
		AE90BD791D6F07DB005AF3BF /* Release */ = {
			isa = XCBuildConfiguration;
			buildSettings = {
				ALWAYS_SEARCH_USER_PATHS = NO;
				CLANG_ANALYZER_NONNULL = YES;
				CLANG_CXX_LANGUAGE_STANDARD = "gnu++0x";
				CLANG_CXX_LIBRARY = "libc++";
				CLANG_ENABLE_MODULES = YES;
				CLANG_ENABLE_OBJC_ARC = YES;
				CLANG_WARN_BOOL_CONVERSION = YES;
				CLANG_WARN_CONSTANT_CONVERSION = YES;
				CLANG_WARN_DIRECT_OBJC_ISA_USAGE = YES_ERROR;
				CLANG_WARN_EMPTY_BODY = YES;
				CLANG_WARN_ENUM_CONVERSION = YES;
				CLANG_WARN_INT_CONVERSION = YES;
				CLANG_WARN_OBJC_ROOT_CLASS = YES_ERROR;
				CLANG_WARN_UNREACHABLE_CODE = YES;
				CLANG_WARN__DUPLICATE_METHOD_MATCH = YES;
				CODE_SIGN_IDENTITY = "-";
				COPY_PHASE_STRIP = NO;
				DEBUG_INFORMATION_FORMAT = "dwarf-with-dsym";
				ENABLE_NS_ASSERTIONS = NO;
				ENABLE_STRICT_OBJC_MSGSEND = YES;
				GCC_C_LANGUAGE_STANDARD = gnu99;
				GCC_NO_COMMON_BLOCKS = YES;
				GCC_WARN_64_TO_32_BIT_CONVERSION = YES;
				GCC_WARN_ABOUT_RETURN_TYPE = YES_ERROR;
				GCC_WARN_UNDECLARED_SELECTOR = YES;
				GCC_WARN_UNINITIALIZED_AUTOS = YES_AGGRESSIVE;
				GCC_WARN_UNUSED_FUNCTION = YES;
				GCC_WARN_UNUSED_VARIABLE = YES;
				MACOSX_DEPLOYMENT_TARGET = 10.11;
				MTL_ENABLE_DEBUG_INFO = NO;
				SDKROOT = macosx;
			};
			name = Release;
		};
		AE90BD7B1D6F07DB005AF3BF /* Debug */ = {
			isa = XCBuildConfiguration;
			buildSettings = {
				PRODUCT_NAME = "$(TARGET_NAME)";
			};
			name = Debug;
		};
		AE90BD7C1D6F07DB005AF3BF /* Release */ = {
			isa = XCBuildConfiguration;
			buildSettings = {
				PRODUCT_NAME = "$(TARGET_NAME)";
			};
			name = Release;
		};
/* End XCBuildConfiguration section */

/* Begin XCConfigurationList section */
		AE90BD6E1D6F07DB005AF3BF /* Build configuration list for PBXProject "sp" */ = {
			isa = XCConfigurationList;
			buildConfigurations = (
				AE90BD781D6F07DB005AF3BF /* Debug */,
				AE90BD791D6F07DB005AF3BF /* Release */,
			);
			defaultConfigurationIsVisible = 0;
			defaultConfigurationName = Release;
		};
		AE90BD7A1D6F07DB005AF3BF /* Build configuration list for PBXNativeTarget "sp" */ = {
			isa = XCConfigurationList;
			buildConfigurations = (
				AE90BD7B1D6F07DB005AF3BF /* Debug */,
				AE90BD7C1D6F07DB005AF3BF /* Release */,
			);
			defaultConfigurationIsVisible = 0;
			defaultConfigurationName = Release;
		};
/* End XCConfigurationList section */
	};
	rootObject = AE90BD6B1D6F07DB005AF3BF /* Project object */;
}
